Microsoft Visual Studio Solution File, Format Version 12.00
# Visual Studio Version 16
VisualStudioVersion = 16.0.29306.81
MinimumVisualStudioVersion = 10.0.40219.1
Project("{8BC9CEB8-8B4A-11D0-8D11-00A0C91BC942}") = "AVCore", "AVCore\AVCore.vcxproj", "{EFC43127-BD26-4522-9888-119872A335C5}"
EndProject
Project("{8BC9CEB8-8B4A-11D0-8D11-00A0C91BC942}") = "AVEventsDriver", "AVEventsDriver\AVEventsDriver.vcxproj", "{8B2686FB-631C-47DC-B922-30BF57554287}"
	ProjectSection(ProjectDependencies) = postProject
		{CAE2DAC6-A407-41A6-A943-11156A103D14} = {CAE2DAC6-A407-41A6-A943-11156A103D14}
	EndProjectSection
EndProject
Project("{FAE04EC0-301F-11D3-BF4B-00C04F79EFBC}") = "AVGUI", "AVGUI\AVGUI.csproj", "{91C17956-5860-49F6-94A8-1DB37DDF056D}"
EndProject
Project("{8BC9CEB8-8B4A-11D0-8D11-00A0C91BC942}") = "AVCommDriver", "AVCommDriver\AVCommDriver.vcxproj", "{CAE2DAC6-A407-41A6-A943-11156A103D14}"
EndProject
Project("{2150E333-8FDC-42A3-9474-1A3956D46DE8}") = "utils", "utils", "{7F1B02CF-31B1-4D01-B411-E4C198141C00}"
	ProjectSection(SolutionItems) = preProject
		utils\install.bat = utils\install.bat
		utils\start.bat = utils\start.bat
	EndProjectSection
EndProject
Project("{8BC9CEB8-8B4A-11D0-8D11-00A0C91BC942}") = "TestPlugin", "TestPlugin\TestPlugin.vcxproj", "{5F78444A-A7D4-4E7B-B0B8-A86787648172}"
EndProject
Project("{2150E333-8FDC-42A3-9474-1A3956D46DE8}") = "include", "include", "{0E66CD07-E249-4F09-9747-A0B1D5847192}"
	ProjectSection(SolutionItems) = preProject
		include\EventsKMStructures.h = include\EventsKMStructures.h
		include\EventsUMInterfaces.h = include\EventsUMInterfaces.h
		include\EventsUMStructures.h = include\EventsUMStructures.h
		include\KMEventsAPI.h = include\KMEventsAPI.h
		include\KMUMcomm.h = include\KMUMcomm.h
		include\PluginInterface.h = include\PluginInterface.h
	EndProjectSection
EndProject
Project("{2150E333-8FDC-42A3-9474-1A3956D46DE8}") = "Usermode", "Usermode", "{188D08F9-E7EA-4D7F-A678-3A924200928E}"
EndProject
Project("{2150E333-8FDC-42A3-9474-1A3956D46DE8}") = "Kernelmode", "Kernelmode", "{9D7C826B-5249-4CC6-B248-ECE747DC8DCB}"
EndProject
Project("{2150E333-8FDC-42A3-9474-1A3956D46DE8}") = "Plugins", "Plugins", "{2768A63B-1E91-44A7-92FF-E5403E10CC15}"
EndProject
Project("{8BC9CEB8-8B4A-11D0-8D11-00A0C91BC942}") = "AVShield", "Plugins\AVShield\AVShield.vcxproj", "{03DEDB2D-A474-4A79-8B28-3234FD30E7F5}"
EndProject
Project("{8BC9CEB8-8B4A-11D0-8D11-00A0C91BC942}") = "InjectPlugin", "Plugins\InjectPlugin\InjectPlugin.vcxproj", "{A840320A-F738-4C92-81A0-9F143D158922}"
EndProject
Project("{8BC9CEB8-8B4A-11D0-8D11-00A0C91BC942}") = "AVInjectAgent", "AVInjectAgent\AVInjectAgent.vcxproj", "{57441D6E-A55F-4814-94E2-0727F2A42583}"
EndProject
Project("{8BC9CEB8-8B4A-11D0-8D11-00A0C91BC942}") = "NetworkPlugin", "Plugins\NetworkPlugin\NetworkPlugin.vcxproj", "{BFE257B4-1BEA-43EC-A26A-B306463DDD5A}"
EndProject
Project("{8BC9CEB8-8B4A-11D0-8D11-00A0C91BC942}") = "AVNetworkDriver", "AVNetworkDriver\AVNetworkDriver.vcxproj", "{5CF7CFC1-02B4-4938-AC5F-47D743D82E8A}"
EndProject
Project("{888888A0-9F3D-457C-B088-3A5042F75D52}") = "SnortRulesParser", "SnortRulesParser\SnortRulesParser.pyproj", "{865E652E-5D60-42B1-A2E3-60D19FAEE781}"
EndProject
Project("{8BC9CEB8-8B4A-11D0-8D11-00A0C91BC942}") = "CloudPlugin", "Plugins\CloudPlugin\CloudPlugin.vcxproj", "{070A3A0C-C8A5-4BFD-B3A0-6BE2D62FFB3B}"
EndProject
Project("{8BC9CEB8-8B4A-11D0-8D11-00A0C91BC942}") = "UpdatePlugin", "Plugins\UpdatePlugin\UpdatePlugin.vcxproj", "{53C0AA6C-BADB-4AE3-9663-F3DBF2775995}"
EndProject
Project("{8BC9CEB8-8B4A-11D0-8D11-00A0C91BC942}") = "FileScanner", "Plugins\FileScanner\FileScanner.vcxproj", "{A0E90B43-0ABA-4939-AF21-DB9DFEDD1C29}"
EndProject
Global
	GlobalSection(SolutionConfigurationPlatforms) = preSolution
		Debug|Any CPU = Debug|Any CPU
		Debug|ARM = Debug|ARM
		Debug|ARM64 = Debug|ARM64
		Debug|x64 = Debug|x64
		Debug|x86 = Debug|x86
		Release|Any CPU = Release|Any CPU
		Release|ARM = Release|ARM
		Release|ARM64 = Release|ARM64
		Release|x64 = Release|x64
		Release|x86 = Release|x86
	EndGlobalSection
	GlobalSection(ProjectConfigurationPlatforms) = postSolution
		{EFC43127-BD26-4522-9888-119872A335C5}.Debug|Any CPU.ActiveCfg = Debug|Win32
		{EFC43127-BD26-4522-9888-119872A335C5}.Debug|ARM.ActiveCfg = Debug|Win32
		{EFC43127-BD26-4522-9888-119872A335C5}.Debug|ARM64.ActiveCfg = Debug|Win32
		{EFC43127-BD26-4522-9888-119872A335C5}.Debug|x64.ActiveCfg = Debug|x64
		{EFC43127-BD26-4522-9888-119872A335C5}.Debug|x64.Build.0 = Debug|x64
		{EFC43127-BD26-4522-9888-119872A335C5}.Debug|x86.ActiveCfg = Debug|Win32
		{EFC43127-BD26-4522-9888-119872A335C5}.Debug|x86.Build.0 = Debug|Win32
		{EFC43127-BD26-4522-9888-119872A335C5}.Release|Any CPU.ActiveCfg = Release|Win32
		{EFC43127-BD26-4522-9888-119872A335C5}.Release|ARM.ActiveCfg = Release|Win32
		{EFC43127-BD26-4522-9888-119872A335C5}.Release|ARM64.ActiveCfg = Release|Win32
		{EFC43127-BD26-4522-9888-119872A335C5}.Release|x64.ActiveCfg = Release|x64
		{EFC43127-BD26-4522-9888-119872A335C5}.Release|x64.Build.0 = Release|x64
		{EFC43127-BD26-4522-9888-119872A335C5}.Release|x86.ActiveCfg = Release|Win32
		{EFC43127-BD26-4522-9888-119872A335C5}.Release|x86.Build.0 = Release|Win32
		{8B2686FB-631C-47DC-B922-30BF57554287}.Debug|Any CPU.ActiveCfg = Debug|Win32
		{8B2686FB-631C-47DC-B922-30BF57554287}.Debug|ARM.ActiveCfg = Debug|ARM
		{8B2686FB-631C-47DC-B922-30BF57554287}.Debug|ARM.Build.0 = Debug|ARM
		{8B2686FB-631C-47DC-B922-30BF57554287}.Debug|ARM.Deploy.0 = Debug|ARM
		{8B2686FB-631C-47DC-B922-30BF57554287}.Debug|ARM64.ActiveCfg = Debug|ARM64
		{8B2686FB-631C-47DC-B922-30BF57554287}.Debug|ARM64.Build.0 = Debug|ARM64
		{8B2686FB-631C-47DC-B922-30BF57554287}.Debug|ARM64.Deploy.0 = Debug|ARM64
		{8B2686FB-631C-47DC-B922-30BF57554287}.Debug|x64.ActiveCfg = Debug|x64
		{8B2686FB-631C-47DC-B922-30BF57554287}.Debug|x64.Build.0 = Debug|x64
		{8B2686FB-631C-47DC-B922-30BF57554287}.Debug|x64.Deploy.0 = Debug|x64
		{8B2686FB-631C-47DC-B922-30BF57554287}.Debug|x86.ActiveCfg = Debug|Win32
		{8B2686FB-631C-47DC-B922-30BF57554287}.Debug|x86.Build.0 = Debug|Win32
		{8B2686FB-631C-47DC-B922-30BF57554287}.Debug|x86.Deploy.0 = Debug|Win32
		{8B2686FB-631C-47DC-B922-30BF57554287}.Release|Any CPU.ActiveCfg = Release|Win32
		{8B2686FB-631C-47DC-B922-30BF57554287}.Release|ARM.ActiveCfg = Release|ARM
		{8B2686FB-631C-47DC-B922-30BF57554287}.Release|ARM.Build.0 = Release|ARM
		{8B2686FB-631C-47DC-B922-30BF57554287}.Release|ARM.Deploy.0 = Release|ARM
		{8B2686FB-631C-47DC-B922-30BF57554287}.Release|ARM64.ActiveCfg = Release|ARM64
		{8B2686FB-631C-47DC-B922-30BF57554287}.Release|ARM64.Build.0 = Release|ARM64
		{8B2686FB-631C-47DC-B922-30BF57554287}.Release|ARM64.Deploy.0 = Release|ARM64
		{8B2686FB-631C-47DC-B922-30BF57554287}.Release|x64.ActiveCfg = Release|x64
		{8B2686FB-631C-47DC-B922-30BF57554287}.Release|x64.Build.0 = Release|x64
		{8B2686FB-631C-47DC-B922-30BF57554287}.Release|x64.Deploy.0 = Release|x64
		{8B2686FB-631C-47DC-B922-30BF57554287}.Release|x86.ActiveCfg = Release|Win32
		{8B2686FB-631C-47DC-B922-30BF57554287}.Release|x86.Build.0 = Release|Win32
		{8B2686FB-631C-47DC-B922-30BF57554287}.Release|x86.Deploy.0 = Release|Win32
		{91C17956-5860-49F6-94A8-1DB37DDF056D}.Debug|Any CPU.ActiveCfg = Debug|Any CPU
		{91C17956-5860-49F6-94A8-1DB37DDF056D}.Debug|Any CPU.Build.0 = Debug|Any CPU
		{91C17956-5860-49F6-94A8-1DB37DDF056D}.Debug|ARM.ActiveCfg = Debug|Any CPU
		{91C17956-5860-49F6-94A8-1DB37DDF056D}.Debug|ARM.Build.0 = Debug|Any CPU
		{91C17956-5860-49F6-94A8-1DB37DDF056D}.Debug|ARM64.ActiveCfg = Debug|Any CPU
		{91C17956-5860-49F6-94A8-1DB37DDF056D}.Debug|ARM64.Build.0 = Debug|Any CPU
		{91C17956-5860-49F6-94A8-1DB37DDF056D}.Debug|x64.ActiveCfg = Debug|Any CPU
		{91C17956-5860-49F6-94A8-1DB37DDF056D}.Debug|x64.Build.0 = Debug|Any CPU
		{91C17956-5860-49F6-94A8-1DB37DDF056D}.Debug|x86.ActiveCfg = Debug|Any CPU
		{91C17956-5860-49F6-94A8-1DB37DDF056D}.Debug|x86.Build.0 = Debug|Any CPU
		{91C17956-5860-49F6-94A8-1DB37DDF056D}.Release|Any CPU.ActiveCfg = Release|Any CPU
		{91C17956-5860-49F6-94A8-1DB37DDF056D}.Release|Any CPU.Build.0 = Release|Any CPU
		{91C17956-5860-49F6-94A8-1DB37DDF056D}.Release|ARM.ActiveCfg = Release|Any CPU
		{91C17956-5860-49F6-94A8-1DB37DDF056D}.Release|ARM.Build.0 = Release|Any CPU
		{91C17956-5860-49F6-94A8-1DB37DDF056D}.Release|ARM64.ActiveCfg = Release|Any CPU
		{91C17956-5860-49F6-94A8-1DB37DDF056D}.Release|ARM64.Build.0 = Release|Any CPU
		{91C17956-5860-49F6-94A8-1DB37DDF056D}.Release|x64.ActiveCfg = Release|Any CPU
		{91C17956-5860-49F6-94A8-1DB37DDF056D}.Release|x64.Build.0 = Release|Any CPU
		{91C17956-5860-49F6-94A8-1DB37DDF056D}.Release|x86.ActiveCfg = Release|Any CPU
		{91C17956-5860-49F6-94A8-1DB37DDF056D}.Release|x86.Build.0 = Release|Any CPU
		{CAE2DAC6-A407-41A6-A943-11156A103D14}.Debug|Any CPU.ActiveCfg = Debug|Win32
		{CAE2DAC6-A407-41A6-A943-11156A103D14}.Debug|ARM.ActiveCfg = Debug|Win32
		{CAE2DAC6-A407-41A6-A943-11156A103D14}.Debug|ARM64.ActiveCfg = Debug|Win32
		{CAE2DAC6-A407-41A6-A943-11156A103D14}.Debug|x64.ActiveCfg = Debug|x64
		{CAE2DAC6-A407-41A6-A943-11156A103D14}.Debug|x64.Build.0 = Debug|x64
		{CAE2DAC6-A407-41A6-A943-11156A103D14}.Debug|x64.Deploy.0 = Debug|x64
		{CAE2DAC6-A407-41A6-A943-11156A103D14}.Debug|x86.ActiveCfg = Debug|Win32
		{CAE2DAC6-A407-41A6-A943-11156A103D14}.Debug|x86.Build.0 = Debug|Win32
		{CAE2DAC6-A407-41A6-A943-11156A103D14}.Debug|x86.Deploy.0 = Debug|Win32
		{CAE2DAC6-A407-41A6-A943-11156A103D14}.Release|Any CPU.ActiveCfg = Release|Win32
		{CAE2DAC6-A407-41A6-A943-11156A103D14}.Release|ARM.ActiveCfg = Release|Win32
		{CAE2DAC6-A407-41A6-A943-11156A103D14}.Release|ARM64.ActiveCfg = Release|Win32
		{CAE2DAC6-A407-41A6-A943-11156A103D14}.Release|x64.ActiveCfg = Release|x64
		{CAE2DAC6-A407-41A6-A943-11156A103D14}.Release|x64.Build.0 = Release|x64
		{CAE2DAC6-A407-41A6-A943-11156A103D14}.Release|x64.Deploy.0 = Release|x64
		{CAE2DAC6-A407-41A6-A943-11156A103D14}.Release|x86.ActiveCfg = Release|Win32
		{CAE2DAC6-A407-41A6-A943-11156A103D14}.Release|x86.Build.0 = Release|Win32
		{CAE2DAC6-A407-41A6-A943-11156A103D14}.Release|x86.Deploy.0 = Release|Win32
		{5F78444A-A7D4-4E7B-B0B8-A86787648172}.Debug|Any CPU.ActiveCfg = Debug|Win32
		{5F78444A-A7D4-4E7B-B0B8-A86787648172}.Debug|ARM.ActiveCfg = Debug|Win32
		{5F78444A-A7D4-4E7B-B0B8-A86787648172}.Debug|ARM64.ActiveCfg = Debug|Win32
		{5F78444A-A7D4-4E7B-B0B8-A86787648172}.Debug|x64.ActiveCfg = Debug|x64
		{5F78444A-A7D4-4E7B-B0B8-A86787648172}.Debug|x64.Build.0 = Debug|x64
		{5F78444A-A7D4-4E7B-B0B8-A86787648172}.Debug|x86.ActiveCfg = Debug|Win32
		{5F78444A-A7D4-4E7B-B0B8-A86787648172}.Debug|x86.Build.0 = Debug|Win32
		{5F78444A-A7D4-4E7B-B0B8-A86787648172}.Release|Any CPU.ActiveCfg = Release|Win32
		{5F78444A-A7D4-4E7B-B0B8-A86787648172}.Release|ARM.ActiveCfg = Release|Win32
		{5F78444A-A7D4-4E7B-B0B8-A86787648172}.Release|ARM64.ActiveCfg = Release|Win32
		{5F78444A-A7D4-4E7B-B0B8-A86787648172}.Release|x64.ActiveCfg = Release|x64
		{5F78444A-A7D4-4E7B-B0B8-A86787648172}.Release|x64.Build.0 = Release|x64
		{5F78444A-A7D4-4E7B-B0B8-A86787648172}.Release|x86.ActiveCfg = Release|Win32
		{5F78444A-A7D4-4E7B-B0B8-A86787648172}.Release|x86.Build.0 = Release|Win32
		{03DEDB2D-A474-4A79-8B28-3234FD30E7F5}.Debug|Any CPU.ActiveCfg = Debug|Win32
		{03DEDB2D-A474-4A79-8B28-3234FD30E7F5}.Debug|ARM.ActiveCfg = Debug|Win32
		{03DEDB2D-A474-4A79-8B28-3234FD30E7F5}.Debug|ARM64.ActiveCfg = Debug|Win32
		{03DEDB2D-A474-4A79-8B28-3234FD30E7F5}.Debug|x64.ActiveCfg = Debug|x64
		{03DEDB2D-A474-4A79-8B28-3234FD30E7F5}.Debug|x64.Build.0 = Debug|x64
		{03DEDB2D-A474-4A79-8B28-3234FD30E7F5}.Debug|x86.ActiveCfg = Debug|Win32
		{03DEDB2D-A474-4A79-8B28-3234FD30E7F5}.Debug|x86.Build.0 = Debug|Win32
		{03DEDB2D-A474-4A79-8B28-3234FD30E7F5}.Release|Any CPU.ActiveCfg = Release|Win32
		{03DEDB2D-A474-4A79-8B28-3234FD30E7F5}.Release|ARM.ActiveCfg = Release|Win32
		{03DEDB2D-A474-4A79-8B28-3234FD30E7F5}.Release|ARM64.ActiveCfg = Release|Win32
		{03DEDB2D-A474-4A79-8B28-3234FD30E7F5}.Release|x64.ActiveCfg = Release|x64
		{03DEDB2D-A474-4A79-8B28-3234FD30E7F5}.Release|x64.Build.0 = Release|x64
		{03DEDB2D-A474-4A79-8B28-3234FD30E7F5}.Release|x86.ActiveCfg = Release|Win32
		{03DEDB2D-A474-4A79-8B28-3234FD30E7F5}.Release|x86.Build.0 = Release|Win32
		{A840320A-F738-4C92-81A0-9F143D158922}.Debug|Any CPU.ActiveCfg = Debug|Win32
		{A840320A-F738-4C92-81A0-9F143D158922}.Debug|ARM.ActiveCfg = Debug|Win32
		{A840320A-F738-4C92-81A0-9F143D158922}.Debug|ARM64.ActiveCfg = Debug|Win32
		{A840320A-F738-4C92-81A0-9F143D158922}.Debug|x64.ActiveCfg = Debug|x64
		{A840320A-F738-4C92-81A0-9F143D158922}.Debug|x64.Build.0 = Debug|x64
		{A840320A-F738-4C92-81A0-9F143D158922}.Debug|x86.ActiveCfg = Debug|Win32
		{A840320A-F738-4C92-81A0-9F143D158922}.Debug|x86.Build.0 = Debug|Win32
		{A840320A-F738-4C92-81A0-9F143D158922}.Release|Any CPU.ActiveCfg = Release|Win32
		{A840320A-F738-4C92-81A0-9F143D158922}.Release|ARM.ActiveCfg = Release|Win32
		{A840320A-F738-4C92-81A0-9F143D158922}.Release|ARM64.ActiveCfg = Release|Win32
		{A840320A-F738-4C92-81A0-9F143D158922}.Release|x64.ActiveCfg = Release|x64
		{A840320A-F738-4C92-81A0-9F143D158922}.Release|x64.Build.0 = Release|x64
		{A840320A-F738-4C92-81A0-9F143D158922}.Release|x86.ActiveCfg = Release|Win32
		{A840320A-F738-4C92-81A0-9F143D158922}.Release|x86.Build.0 = Release|Win32
		{57441D6E-A55F-4814-94E2-0727F2A42583}.Debug|Any CPU.ActiveCfg = Debug|Win32
		{57441D6E-A55F-4814-94E2-0727F2A42583}.Debug|ARM.ActiveCfg = Debug|Win32
		{57441D6E-A55F-4814-94E2-0727F2A42583}.Debug|ARM64.ActiveCfg = Debug|Win32
		{57441D6E-A55F-4814-94E2-0727F2A42583}.Debug|x64.ActiveCfg = Debug|x64
		{57441D6E-A55F-4814-94E2-0727F2A42583}.Debug|x64.Build.0 = Debug|x64
		{57441D6E-A55F-4814-94E2-0727F2A42583}.Debug|x86.ActiveCfg = Debug|Win32
		{57441D6E-A55F-4814-94E2-0727F2A42583}.Debug|x86.Build.0 = Debug|Win32
		{57441D6E-A55F-4814-94E2-0727F2A42583}.Release|Any CPU.ActiveCfg = Release|Win32
		{57441D6E-A55F-4814-94E2-0727F2A42583}.Release|ARM.ActiveCfg = Release|Win32
		{57441D6E-A55F-4814-94E2-0727F2A42583}.Release|ARM64.ActiveCfg = Release|Win32
		{57441D6E-A55F-4814-94E2-0727F2A42583}.Release|x64.ActiveCfg = Release|x64
		{57441D6E-A55F-4814-94E2-0727F2A42583}.Release|x64.Build.0 = Release|x64
		{57441D6E-A55F-4814-94E2-0727F2A42583}.Release|x86.ActiveCfg = Release|Win32
		{57441D6E-A55F-4814-94E2-0727F2A42583}.Release|x86.Build.0 = Release|Win32
		{BFE257B4-1BEA-43EC-A26A-B306463DDD5A}.Debug|Any CPU.ActiveCfg = Debug|Win32
		{BFE257B4-1BEA-43EC-A26A-B306463DDD5A}.Debug|ARM.ActiveCfg = Debug|Win32
		{BFE257B4-1BEA-43EC-A26A-B306463DDD5A}.Debug|ARM64.ActiveCfg = Debug|Win32
		{BFE257B4-1BEA-43EC-A26A-B306463DDD5A}.Debug|x64.ActiveCfg = Debug|x64
		{BFE257B4-1BEA-43EC-A26A-B306463DDD5A}.Debug|x64.Build.0 = Debug|x64
		{BFE257B4-1BEA-43EC-A26A-B306463DDD5A}.Debug|x86.ActiveCfg = Debug|Win32
		{BFE257B4-1BEA-43EC-A26A-B306463DDD5A}.Debug|x86.Build.0 = Debug|Win32
		{BFE257B4-1BEA-43EC-A26A-B306463DDD5A}.Release|Any CPU.ActiveCfg = Release|Win32
		{BFE257B4-1BEA-43EC-A26A-B306463DDD5A}.Release|ARM.ActiveCfg = Release|Win32
		{BFE257B4-1BEA-43EC-A26A-B306463DDD5A}.Release|ARM64.ActiveCfg = Release|Win32
		{BFE257B4-1BEA-43EC-A26A-B306463DDD5A}.Release|x64.ActiveCfg = Release|x64
		{BFE257B4-1BEA-43EC-A26A-B306463DDD5A}.Release|x64.Build.0 = Release|x64
		{BFE257B4-1BEA-43EC-A26A-B306463DDD5A}.Release|x86.ActiveCfg = Release|Win32
		{BFE257B4-1BEA-43EC-A26A-B306463DDD5A}.Release|x86.Build.0 = Release|Win32
		{5CF7CFC1-02B4-4938-AC5F-47D743D82E8A}.Debug|Any CPU.ActiveCfg = Debug|Win32
		{5CF7CFC1-02B4-4938-AC5F-47D743D82E8A}.Debug|ARM.ActiveCfg = Debug|Win32
		{5CF7CFC1-02B4-4938-AC5F-47D743D82E8A}.Debug|ARM64.ActiveCfg = Debug|Win32
		{5CF7CFC1-02B4-4938-AC5F-47D743D82E8A}.Debug|x64.ActiveCfg = Debug|x64
		{5CF7CFC1-02B4-4938-AC5F-47D743D82E8A}.Debug|x64.Build.0 = Debug|x64
		{5CF7CFC1-02B4-4938-AC5F-47D743D82E8A}.Debug|x86.ActiveCfg = Debug|Win32
		{5CF7CFC1-02B4-4938-AC5F-47D743D82E8A}.Debug|x86.Build.0 = Debug|Win32
		{5CF7CFC1-02B4-4938-AC5F-47D743D82E8A}.Release|Any CPU.ActiveCfg = Release|Win32
		{5CF7CFC1-02B4-4938-AC5F-47D743D82E8A}.Release|ARM.ActiveCfg = Release|Win32
		{5CF7CFC1-02B4-4938-AC5F-47D743D82E8A}.Release|ARM64.ActiveCfg = Release|Win32
		{5CF7CFC1-02B4-4938-AC5F-47D743D82E8A}.Release|x64.ActiveCfg = Release|x64
		{5CF7CFC1-02B4-4938-AC5F-47D743D82E8A}.Release|x64.Build.0 = Release|x64
		{5CF7CFC1-02B4-4938-AC5F-47D743D82E8A}.Release|x86.ActiveCfg = Release|Win32
		{5CF7CFC1-02B4-4938-AC5F-47D743D82E8A}.Release|x86.Build.0 = Release|Win32
		{865E652E-5D60-42B1-A2E3-60D19FAEE781}.Debug|Any CPU.ActiveCfg = Debug|Any CPU
		{865E652E-5D60-42B1-A2E3-60D19FAEE781}.Debug|ARM.ActiveCfg = Debug|Any CPU
		{865E652E-5D60-42B1-A2E3-60D19FAEE781}.Debug|ARM64.ActiveCfg = Debug|Any CPU
		{865E652E-5D60-42B1-A2E3-60D19FAEE781}.Debug|x64.ActiveCfg = Debug|Any CPU
		{865E652E-5D60-42B1-A2E3-60D19FAEE781}.Debug|x86.ActiveCfg = Debug|Any CPU
		{865E652E-5D60-42B1-A2E3-60D19FAEE781}.Release|Any CPU.ActiveCfg = Release|Any CPU
		{865E652E-5D60-42B1-A2E3-60D19FAEE781}.Release|ARM.ActiveCfg = Release|Any CPU
		{865E652E-5D60-42B1-A2E3-60D19FAEE781}.Release|ARM64.ActiveCfg = Release|Any CPU
		{865E652E-5D60-42B1-A2E3-60D19FAEE781}.Release|x64.ActiveCfg = Release|Any CPU
		{865E652E-5D60-42B1-A2E3-60D19FAEE781}.Release|x86.ActiveCfg = Release|Any CPU
		{070A3A0C-C8A5-4BFD-B3A0-6BE2D62FFB3B}.Debug|Any CPU.ActiveCfg = Debug|Win32
		{070A3A0C-C8A5-4BFD-B3A0-6BE2D62FFB3B}.Debug|ARM.ActiveCfg = Debug|Win32
		{070A3A0C-C8A5-4BFD-B3A0-6BE2D62FFB3B}.Debug|ARM64.ActiveCfg = Debug|Win32
		{070A3A0C-C8A5-4BFD-B3A0-6BE2D62FFB3B}.Debug|x64.ActiveCfg = Debug|x64
		{070A3A0C-C8A5-4BFD-B3A0-6BE2D62FFB3B}.Debug|x64.Build.0 = Debug|x64
		{070A3A0C-C8A5-4BFD-B3A0-6BE2D62FFB3B}.Debug|x86.ActiveCfg = Debug|Win32
		{070A3A0C-C8A5-4BFD-B3A0-6BE2D62FFB3B}.Debug|x86.Build.0 = Debug|Win32
		{070A3A0C-C8A5-4BFD-B3A0-6BE2D62FFB3B}.Release|Any CPU.ActiveCfg = Release|Win32
		{070A3A0C-C8A5-4BFD-B3A0-6BE2D62FFB3B}.Release|ARM.ActiveCfg = Release|Win32
		{070A3A0C-C8A5-4BFD-B3A0-6BE2D62FFB3B}.Release|ARM64.ActiveCfg = Release|Win32
		{070A3A0C-C8A5-4BFD-B3A0-6BE2D62FFB3B}.Release|x64.ActiveCfg = Release|x64
		{070A3A0C-C8A5-4BFD-B3A0-6BE2D62FFB3B}.Release|x64.Build.0 = Release|x64
		{070A3A0C-C8A5-4BFD-B3A0-6BE2D62FFB3B}.Release|x86.ActiveCfg = Release|Win32
		{070A3A0C-C8A5-4BFD-B3A0-6BE2D62FFB3B}.Release|x86.Build.0 = Release|Win32
		{53C0AA6C-BADB-4AE3-9663-F3DBF2775995}.Debug|Any CPU.ActiveCfg = Debug|Win32
		{53C0AA6C-BADB-4AE3-9663-F3DBF2775995}.Debug|ARM.ActiveCfg = Debug|Win32
		{53C0AA6C-BADB-4AE3-9663-F3DBF2775995}.Debug|ARM64.ActiveCfg = Debug|Win32
		{53C0AA6C-BADB-4AE3-9663-F3DBF2775995}.Debug|x64.ActiveCfg = Debug|x64
		{53C0AA6C-BADB-4AE3-9663-F3DBF2775995}.Debug|x64.Build.0 = Debug|x64
		{53C0AA6C-BADB-4AE3-9663-F3DBF2775995}.Debug|x86.ActiveCfg = Debug|Win32
		{53C0AA6C-BADB-4AE3-9663-F3DBF2775995}.Debug|x86.Build.0 = Debug|Win32
		{53C0AA6C-BADB-4AE3-9663-F3DBF2775995}.Release|Any CPU.ActiveCfg = Release|Win32
		{53C0AA6C-BADB-4AE3-9663-F3DBF2775995}.Release|ARM.ActiveCfg = Release|Win32
		{53C0AA6C-BADB-4AE3-9663-F3DBF2775995}.Release|ARM64.ActiveCfg = Release|Win32
		{53C0AA6C-BADB-4AE3-9663-F3DBF2775995}.Release|x64.ActiveCfg = Release|x64
		{53C0AA6C-BADB-4AE3-9663-F3DBF2775995}.Release|x64.Build.0 = Release|x64
		{53C0AA6C-BADB-4AE3-9663-F3DBF2775995}.Release|x86.ActiveCfg = Release|Win32
		{53C0AA6C-BADB-4AE3-9663-F3DBF2775995}.Release|x86.Build.0 = Release|Win32
		{A0E90B43-0ABA-4939-AF21-DB9DFEDD1C29}.Debug|Any CPU.ActiveCfg = Debug|Win32
		{A0E90B43-0ABA-4939-AF21-DB9DFEDD1C29}.Debug|ARM.ActiveCfg = Debug|Win32
		{A0E90B43-0ABA-4939-AF21-DB9DFEDD1C29}.Debug|ARM64.ActiveCfg = Debug|Win32
		{A0E90B43-0ABA-4939-AF21-DB9DFEDD1C29}.Debug|x64.ActiveCfg = Debug|x64
		{A0E90B43-0ABA-4939-AF21-DB9DFEDD1C29}.Debug|x64.Build.0 = Debug|x64
		{A0E90B43-0ABA-4939-AF21-DB9DFEDD1C29}.Debug|x86.ActiveCfg = Debug|Win32
		{A0E90B43-0ABA-4939-AF21-DB9DFEDD1C29}.Debug|x86.Build.0 = Debug|Win32
		{A0E90B43-0ABA-4939-AF21-DB9DFEDD1C29}.Release|Any CPU.ActiveCfg = Release|Win32
		{A0E90B43-0ABA-4939-AF21-DB9DFEDD1C29}.Release|ARM.ActiveCfg = Release|Win32
		{A0E90B43-0ABA-4939-AF21-DB9DFEDD1C29}.Release|ARM64.ActiveCfg = Release|Win32
		{A0E90B43-0ABA-4939-AF21-DB9DFEDD1C29}.Release|x64.ActiveCfg = Release|x64
		{A0E90B43-0ABA-4939-AF21-DB9DFEDD1C29}.Release|x64.Build.0 = Release|x64
		{A0E90B43-0ABA-4939-AF21-DB9DFEDD1C29}.Release|x86.ActiveCfg = Release|Win32
		{A0E90B43-0ABA-4939-AF21-DB9DFEDD1C29}.Release|x86.Build.0 = Release|Win32
	EndGlobalSection
	GlobalSection(SolutionProperties) = preSolution
		HideSolutionNode = FALSE
	EndGlobalSection
	GlobalSection(NestedProjects) = preSolution
		{EFC43127-BD26-4522-9888-119872A335C5} = {188D08F9-E7EA-4D7F-A678-3A924200928E}
		{8B2686FB-631C-47DC-B922-30BF57554287} = {9D7C826B-5249-4CC6-B248-ECE747DC8DCB}
		{91C17956-5860-49F6-94A8-1DB37DDF056D} = {188D08F9-E7EA-4D7F-A678-3A924200928E}
		{CAE2DAC6-A407-41A6-A943-11156A103D14} = {9D7C826B-5249-4CC6-B248-ECE747DC8DCB}
		{5F78444A-A7D4-4E7B-B0B8-A86787648172} = {2768A63B-1E91-44A7-92FF-E5403E10CC15}
		{03DEDB2D-A474-4A79-8B28-3234FD30E7F5} = {2768A63B-1E91-44A7-92FF-E5403E10CC15}
		{A840320A-F738-4C92-81A0-9F143D158922} = {2768A63B-1E91-44A7-92FF-E5403E10CC15}
		{57441D6E-A55F-4814-94E2-0727F2A42583} = {188D08F9-E7EA-4D7F-A678-3A924200928E}
		{BFE257B4-1BEA-43EC-A26A-B306463DDD5A} = {2768A63B-1E91-44A7-92FF-E5403E10CC15}
		{5CF7CFC1-02B4-4938-AC5F-47D743D82E8A} = {9D7C826B-5249-4CC6-B248-ECE747DC8DCB}
		{865E652E-5D60-42B1-A2E3-60D19FAEE781} = {7F1B02CF-31B1-4D01-B411-E4C198141C00}
		{070A3A0C-C8A5-4BFD-B3A0-6BE2D62FFB3B} = {2768A63B-1E91-44A7-92FF-E5403E10CC15}
		{53C0AA6C-BADB-4AE3-9663-F3DBF2775995} = {2768A63B-1E91-44A7-92FF-E5403E10CC15}
		{A0E90B43-0ABA-4939-AF21-DB9DFEDD1C29} = {2768A63B-1E91-44A7-92FF-E5403E10CC15}
	EndGlobalSection
	GlobalSection(ExtensibilityGlobals) = postSolution
		SolutionGuid = {322D87AD-C810-4F3E-8F39-3174A871A999}
	EndGlobalSection
EndGlobal
