<?xml version="1.0" encoding="utf-8"?>
<Project ToolsVersion="4.0" xmlns="http://schemas.microsoft.com/developer/msbuild/2003">
  <ItemGroup>
    <Filter Include="Header Files">
      <UniqueIdentifier>{93995380-89BD-4b04-88EB-625FBE52EBFB}</UniqueIdentifier>
      <Extensions>h;hh;hpp;hxx;hm;inl;inc;ipp;xsd</Extensions>
    </Filter>
    <Filter Include="Resource Files">
      <UniqueIdentifier>{67DA6AB6-F800-4c08-8B7A-83BB121AAD01}</UniqueIdentifier>
      <Extensions>rc;ico;cur;bmp;dlg;rc2;rct;bin;rgs;gif;jpg;jpeg;jpe;resx;tiff;tif;png;wav;mfcribbon-ms</Extensions>
    </Filter>
    <Filter Include="Pipes">
      <UniqueIdentifier>{11945e8c-ebd5-4799-b092-f36971b4e56e}</UniqueIdentifier>
    </Filter>
    <Filter Include="CommPortServer">
      <UniqueIdentifier>{2aa6c985-1dde-4262-9f24-6c0c1328558f}</UniqueIdentifier>
    </Filter>
    <Filter Include="PluginManager">
      <UniqueIdentifier>{a63de55a-240f-449f-8acc-379f67234af2}</UniqueIdentifier>
    </Filter>
    <Filter Include="PluginManager\EventParsers">
      <UniqueIdentifier>{8622c304-db17-423d-bc2d-57bfcee26474}</UniqueIdentifier>
    </Filter>
    <Filter Include="ConfigurationManagers">
      <UniqueIdentifier>{d04efef8-8157-4260-b82f-4ba930ade44c}</UniqueIdentifier>
    </Filter>
    <Filter Include="Loggers">
      <UniqueIdentifier>{1b082301-f2ef-45c5-9ffe-7abd6e9301a9}</UniqueIdentifier>
    </Filter>
    <Filter Include="Loggers\FileLogger">
      <UniqueIdentifier>{167f2c42-c8ea-43a8-9bf1-2acd525ddcad}</UniqueIdentifier>
    </Filter>
    <Filter Include="AVCore">
      <UniqueIdentifier>{4FC737F1-C7A5-4376-A066-2A32D752A2FF}</UniqueIdentifier>
      <Extensions>cpp;c;cc;cxx;def;odl;idl;hpj;bat;asm;asmx</Extensions>
    </Filter>
    <Filter Include="Managers">
      <UniqueIdentifier>{a7264d03-14ce-4118-bbda-136bae0f3ae4}</UniqueIdentifier>
    </Filter>
  </ItemGroup>
  <ItemGroup>
    <ClCompile Include="main.cpp">
      <Filter>AVCore</Filter>
    </ClCompile>
    <ClCompile Include="PipeServer.cpp">
      <Filter>Pipes</Filter>
    </ClCompile>
    <ClCompile Include="CommPortServer.cpp">
      <Filter>CommPortServer</Filter>
    </ClCompile>
    <ClCompile Include="PluginManager.cpp">
      <Filter>PluginManager</Filter>
    </ClCompile>
    <ClCompile Include="EventsParser.cpp">
      <Filter>PluginManager\EventParsers</Filter>
    </ClCompile>
    <ClCompile Include="ConfigManager.cpp">
      <Filter>ConfigurationManagers</Filter>
    </ClCompile>
    <ClCompile Include="FileLogger.cpp">
      <Filter>Loggers\FileLogger</Filter>
    </ClCompile>
    <ClCompile Include="AVCore.cpp">
      <Filter>AVCore</Filter>
    </ClCompile>
    <ClCompile Include="PipeManager.cpp">
      <Filter>Managers</Filter>
    </ClCompile>
    <ClCompile Include="SettingsManager.cpp">
      <Filter>Managers</Filter>
    </ClCompile>
    <ClCompile Include="CommandsManager.cpp">
      <Filter>Managers</Filter>
    </ClCompile>
  </ItemGroup>
  <ItemGroup>
    <ClInclude Include="PipeServer.h">
      <Filter>Pipes</Filter>
    </ClInclude>
    <ClInclude Include="CommPortServer.h">
      <Filter>CommPortServer</Filter>
    </ClInclude>
    <ClInclude Include="PluginManager.h">
      <Filter>PluginManager</Filter>
    </ClInclude>
    <ClInclude Include="EventsParser.h">
      <Filter>PluginManager\EventParsers</Filter>
    </ClInclude>
    <ClInclude Include="ConfigManager.h">
      <Filter>ConfigurationManagers</Filter>
    </ClInclude>
    <ClInclude Include="FileLogger.h">
      <Filter>Loggers\FileLogger</Filter>
    </ClInclude>
    <ClInclude Include="AVCore.h">
      <Filter>AVCore</Filter>
    </ClInclude>
    <ClInclude Include="ICoreImage.h">
      <Filter>AVCore</Filter>
    </ClInclude>
    <ClInclude Include="PipeManager.h">
      <Filter>Managers</Filter>
    </ClInclude>
    <ClInclude Include="SettingsManager.h">
      <Filter>Managers</Filter>
    </ClInclude>
    <ClInclude Include="CommandsManager.h">
      <Filter>Managers</Filter>
    </ClInclude>
  </ItemGroup>
</Project>