<?xml version="1.0" encoding="utf-8"?>
<Project ToolsVersion="4.0" xmlns="http://schemas.microsoft.com/developer/msbuild/2003">
  <ItemGroup>
    <Filter Include="Source Files">
      <UniqueIdentifier>{4FC737F1-C7A5-4376-A066-2A32D752A2FF}</UniqueIdentifier>
      <Extensions>cpp;c;cc;cxx;def;odl;idl;hpj;bat;asm;asmx</Extensions>
    </Filter>
    <Filter Include="Header Files">
      <UniqueIdentifier>{93995380-89BD-4b04-88EB-625FBE52EBFB}</UniqueIdentifier>
      <Extensions>h;hh;hpp;hxx;hm;inl;inc;ipp;xsd</Extensions>
    </Filter>
    <Filter Include="Resource Files">
      <UniqueIdentifier>{67DA6AB6-F800-4c08-8B7A-83BB121AAD01}</UniqueIdentifier>
      <Extensions>rc;ico;cur;bmp;dlg;rc2;rct;bin;rgs;gif;jpg;jpeg;jpe;resx;tiff;tif;png;wav;mfcribbon-ms</Extensions>
    </Filter>
    <Filter Include="Pipes">
      <UniqueIdentifier>{11945e8c-ebd5-4799-b092-f36971b4e56e}</UniqueIdentifier>
    </Filter>
    <Filter Include="CommPortServer">
      <UniqueIdentifier>{2aa6c985-1dde-4262-9f24-6c0c1328558f}</UniqueIdentifier>
    </Filter>
    <Filter Include="PluginManager">
      <UniqueIdentifier>{a63de55a-240f-449f-8acc-379f67234af2}</UniqueIdentifier>
    </Filter>
    <Filter Include="PluginManager\EventParsers">
      <UniqueIdentifier>{8622c304-db17-423d-bc2d-57bfcee26474}</UniqueIdentifier>
    </Filter>
  </ItemGroup>
  <ItemGroup>
    <ClCompile Include="main.cpp">
      <Filter>Source Files</Filter>
    </ClCompile>
    <ClCompile Include="PipeServer.cpp">
      <Filter>Pipes</Filter>
    </ClCompile>
    <ClCompile Include="CommPortServer.cpp">
      <Filter>CommPortServer</Filter>
    </ClCompile>
    <ClCompile Include="PluginManager.cpp">
      <Filter>PluginManager</Filter>
    </ClCompile>
    <ClCompile Include="EventsParser.cpp">
      <Filter>PluginManager\EventParsers</Filter>
    </ClCompile>
  </ItemGroup>
  <ItemGroup>
    <ClInclude Include="PipeServer.h">
      <Filter>Pipes</Filter>
    </ClInclude>
    <ClInclude Include="CommPortServer.h">
      <Filter>CommPortServer</Filter>
    </ClInclude>
    <ClInclude Include="CommPortStuctures.h">
      <Filter>CommPortServer</Filter>
    </ClInclude>
    <ClInclude Include="PluginManager.h">
      <Filter>PluginManager</Filter>
    </ClInclude>
    <ClInclude Include="EventsParser.h">
      <Filter>PluginManager\EventParsers</Filter>
    </ClInclude>
  </ItemGroup>
</Project>